// !$*UTF8*$!
{
	archiveVersion = 1;
	classes = {
	};
	objectVersion = 46;
	objects = {

/* Begin PBXBuildFile section */
		334D574D1B05F7270077DD0D /* CoreLocation.framework in Frameworks */ = {isa = PBXBuildFile; fileRef = 334D574C1B05F7270077DD0D /* CoreLocation.framework */; };
		33DE6A921B05E7A000D3EE47 /* AppDelegate.swift in Sources */ = {isa = PBXBuildFile; fileRef = 33DE6A911B05E7A000D3EE47 /* AppDelegate.swift */; };
		33DE6A941B05E7A000D3EE47 /* ViewController.swift in Sources */ = {isa = PBXBuildFile; fileRef = 33DE6A931B05E7A000D3EE47 /* ViewController.swift */; };
		33DE6A971B05E7A000D3EE47 /* Main.storyboard in Resources */ = {isa = PBXBuildFile; fileRef = 33DE6A951B05E7A000D3EE47 /* Main.storyboard */; };
		33DE6A991B05E7A000D3EE47 /* Images.xcassets in Resources */ = {isa = PBXBuildFile; fileRef = 33DE6A981B05E7A000D3EE47 /* Images.xcassets */; };
		33DE6A9C1B05E7A000D3EE47 /* LaunchScreen.xib in Resources */ = {isa = PBXBuildFile; fileRef = 33DE6A9A1B05E7A000D3EE47 /* LaunchScreen.xib */; };
		33DE6AA81B05E7A000D3EE47 /* VelocityTests.swift in Sources */ = {isa = PBXBuildFile; fileRef = 33DE6AA71B05E7A000D3EE47 /* VelocityTests.swift */; };
		33FC0BD61B1510C300E193CA /* gps.gpx in Resources */ = {isa = PBXBuildFile; fileRef = 33FC0BD51B1510C300E193CA /* gps.gpx */; };
		33FC0BD81B1513E000E193CA /* 20150526T204919Z.gpx in Resources */ = {isa = PBXBuildFile; fileRef = 33FC0BD71B1513E000E193CA /* 20150526T204919Z.gpx */; };
		33FC0BE41B151E9600E193CA /* Localizable.strings in Resources */ = {isa = PBXBuildFile; fileRef = 33FC0BE61B151E9600E193CA /* Localizable.strings */; };
/* End PBXBuildFile section */

/* Begin PBXContainerItemProxy section */
		33DE6AA21B05E7A000D3EE47 /* PBXContainerItemProxy */ = {
			isa = PBXContainerItemProxy;
			containerPortal = 33DE6A841B05E79F00D3EE47 /* Project object */;
			proxyType = 1;
			remoteGlobalIDString = 33DE6A8B1B05E7A000D3EE47;
			remoteInfo = Velocity;
		};
/* End PBXContainerItemProxy section */

/* Begin PBXFileReference section */
		334A026A1B15267F0032A222 /* sv */ = {isa = PBXFileReference; lastKnownFileType = text.plist.strings; name = sv; path = sv.lproj/Main.strings; sourceTree = "<group>"; };
		334A026B1B15267F0032A222 /* sv */ = {isa = PBXFileReference; lastKnownFileType = text.plist.strings; name = sv; path = sv.lproj/LaunchScreen.strings; sourceTree = "<group>"; };
		334A026C1B15267F0032A222 /* sv */ = {isa = PBXFileReference; lastKnownFileType = text.plist.xml; name = sv; path = sv.lproj/Info.plist; sourceTree = "<group>"; };
		334A026D1B15267F0032A222 /* sv */ = {isa = PBXFileReference; lastKnownFileType = text.plist.strings; name = sv; path = sv.lproj/Localizable.strings; sourceTree = "<group>"; };
		334D574C1B05F7270077DD0D /* CoreLocation.framework */ = {isa = PBXFileReference; lastKnownFileType = wrapper.framework; name = CoreLocation.framework; path = System/Library/Frameworks/CoreLocation.framework; sourceTree = SDKROOT; };
		33DE6A8C1B05E7A000D3EE47 /* Velocity.app */ = {isa = PBXFileReference; explicitFileType = wrapper.application; includeInIndex = 0; path = Velocity.app; sourceTree = BUILT_PRODUCTS_DIR; };
		33DE6A911B05E7A000D3EE47 /* AppDelegate.swift */ = {isa = PBXFileReference; lastKnownFileType = sourcecode.swift; path = AppDelegate.swift; sourceTree = "<group>"; };
		33DE6A931B05E7A000D3EE47 /* ViewController.swift */ = {isa = PBXFileReference; lastKnownFileType = sourcecode.swift; path = ViewController.swift; sourceTree = "<group>"; usesTabs = 1; };
		33DE6A961B05E7A000D3EE47 /* Base */ = {isa = PBXFileReference; lastKnownFileType = file.storyboard; name = Base; path = Base.lproj/Main.storyboard; sourceTree = "<group>"; };
		33DE6A981B05E7A000D3EE47 /* Images.xcassets */ = {isa = PBXFileReference; lastKnownFileType = folder.assetcatalog; path = Images.xcassets; sourceTree = "<group>"; };
		33DE6A9B1B05E7A000D3EE47 /* Base */ = {isa = PBXFileReference; lastKnownFileType = file.xib; name = Base; path = Base.lproj/LaunchScreen.xib; sourceTree = "<group>"; };
		33DE6AA11B05E7A000D3EE47 /* VelocityTests.xctest */ = {isa = PBXFileReference; explicitFileType = wrapper.cfbundle; includeInIndex = 0; path = VelocityTests.xctest; sourceTree = BUILT_PRODUCTS_DIR; };
		33DE6AA61B05E7A000D3EE47 /* Info.plist */ = {isa = PBXFileReference; lastKnownFileType = text.plist.xml; path = Info.plist; sourceTree = "<group>"; };
		33DE6AA71B05E7A000D3EE47 /* VelocityTests.swift */ = {isa = PBXFileReference; lastKnownFileType = sourcecode.swift; path = VelocityTests.swift; sourceTree = "<group>"; };
		33FC0BD51B1510C300E193CA /* gps.gpx */ = {isa = PBXFileReference; fileEncoding = 4; lastKnownFileType = text.xml; path = gps.gpx; sourceTree = "<group>"; };
		33FC0BD71B1513E000E193CA /* 20150526T204919Z.gpx */ = {isa = PBXFileReference; fileEncoding = 4; lastKnownFileType = text.xml; path = 20150526T204919Z.gpx; sourceTree = "<group>"; };
		33FC0BD91B151BA800E193CA /* Base */ = {isa = PBXFileReference; lastKnownFileType = text.plist.xml; name = Base; path = Base.lproj/Info.plist; sourceTree = "<group>"; };
		33FC0BDB1B151BB100E193CA /* en */ = {isa = PBXFileReference; lastKnownFileType = text.plist.xml; name = en; path = en.lproj/Info.plist; sourceTree = "<group>"; };
		33FC0BE51B151E9600E193CA /* en */ = {isa = PBXFileReference; lastKnownFileType = text.plist.strings; name = en; path = en.lproj/Localizable.strings; sourceTree = "<group>"; };
		33FC0BE71B151E9800E193CA /* Base */ = {isa = PBXFileReference; lastKnownFileType = text.plist.strings; name = Base; path = Base.lproj/Localizable.strings; sourceTree = "<group>"; };
/* End PBXFileReference section */

/* Begin PBXFrameworksBuildPhase section */
		33DE6A891B05E7A000D3EE47 /* Frameworks */ = {
			isa = PBXFrameworksBuildPhase;
			buildActionMask = 2147483647;
			files = (
				334D574D1B05F7270077DD0D /* CoreLocation.framework in Frameworks */,
			);
			runOnlyForDeploymentPostprocessing = 0;
		};
		33DE6A9E1B05E7A000D3EE47 /* Frameworks */ = {
			isa = PBXFrameworksBuildPhase;
			buildActionMask = 2147483647;
			files = (
			);
			runOnlyForDeploymentPostprocessing = 0;
		};
/* End PBXFrameworksBuildPhase section */

/* Begin PBXGroup section */
		33DE6A831B05E79F00D3EE47 = {
			isa = PBXGroup;
			children = (
				33FC0BD71B1513E000E193CA /* 20150526T204919Z.gpx */,
				33FC0BD51B1510C300E193CA /* gps.gpx */,
				334D574C1B05F7270077DD0D /* CoreLocation.framework */,
				33DE6A8E1B05E7A000D3EE47 /* Velocity */,
				33DE6AA41B05E7A000D3EE47 /* VelocityTests */,
				33DE6A8D1B05E7A000D3EE47 /* Products */,
			);
			sourceTree = "<group>";
		};
		33DE6A8D1B05E7A000D3EE47 /* Products */ = {
			isa = PBXGroup;
			children = (
				33DE6A8C1B05E7A000D3EE47 /* Velocity.app */,
				33DE6AA11B05E7A000D3EE47 /* VelocityTests.xctest */,
			);
			name = Products;
			sourceTree = "<group>";
		};
		33DE6A8E1B05E7A000D3EE47 /* Velocity */ = {
			isa = PBXGroup;
			children = (
				33DE6A911B05E7A000D3EE47 /* AppDelegate.swift */,
				33DE6A931B05E7A000D3EE47 /* ViewController.swift */,
				33DE6A951B05E7A000D3EE47 /* Main.storyboard */,
				33DE6A981B05E7A000D3EE47 /* Images.xcassets */,
				33DE6A9A1B05E7A000D3EE47 /* LaunchScreen.xib */,
				33DE6A8F1B05E7A000D3EE47 /* Supporting Files */,
			);
			path = Velocity;
			sourceTree = "<group>";
		};
		33DE6A8F1B05E7A000D3EE47 /* Supporting Files */ = {
			isa = PBXGroup;
			children = (
				33FC0BDA1B151BA800E193CA /* Info.plist */,
				33FC0BE61B151E9600E193CA /* Localizable.strings */,
			);
			name = "Supporting Files";
			sourceTree = "<group>";
		};
		33DE6AA41B05E7A000D3EE47 /* VelocityTests */ = {
			isa = PBXGroup;
			children = (
				33DE6AA71B05E7A000D3EE47 /* VelocityTests.swift */,
				33DE6AA51B05E7A000D3EE47 /* Supporting Files */,
			);
			path = VelocityTests;
			sourceTree = "<group>";
		};
		33DE6AA51B05E7A000D3EE47 /* Supporting Files */ = {
			isa = PBXGroup;
			children = (
				33DE6AA61B05E7A000D3EE47 /* Info.plist */,
			);
			name = "Supporting Files";
			sourceTree = "<group>";
		};
/* End PBXGroup section */

/* Begin PBXNativeTarget section */
		33DE6A8B1B05E7A000D3EE47 /* Velocity */ = {
			isa = PBXNativeTarget;
			buildConfigurationList = 33DE6AAB1B05E7A000D3EE47 /* Build configuration list for PBXNativeTarget "Velocity" */;
			buildPhases = (
				33DE6A881B05E7A000D3EE47 /* Sources */,
				33DE6A891B05E7A000D3EE47 /* Frameworks */,
				33DE6A8A1B05E7A000D3EE47 /* Resources */,
			);
			buildRules = (
			);
			dependencies = (
			);
			name = Velocity;
			productName = Velocity;
			productReference = 33DE6A8C1B05E7A000D3EE47 /* Velocity.app */;
			productType = "com.apple.product-type.application";
		};
		33DE6AA01B05E7A000D3EE47 /* VelocityTests */ = {
			isa = PBXNativeTarget;
			buildConfigurationList = 33DE6AAE1B05E7A000D3EE47 /* Build configuration list for PBXNativeTarget "VelocityTests" */;
			buildPhases = (
				33DE6A9D1B05E7A000D3EE47 /* Sources */,
				33DE6A9E1B05E7A000D3EE47 /* Frameworks */,
				33DE6A9F1B05E7A000D3EE47 /* Resources */,
			);
			buildRules = (
			);
			dependencies = (
				33DE6AA31B05E7A000D3EE47 /* PBXTargetDependency */,
			);
			name = VelocityTests;
			productName = VelocityTests;
			productReference = 33DE6AA11B05E7A000D3EE47 /* VelocityTests.xctest */;
			productType = "com.apple.product-type.bundle.unit-test";
		};
/* End PBXNativeTarget section */

/* Begin PBXProject section */
		33DE6A841B05E79F00D3EE47 /* Project object */ = {
			isa = PBXProject;
			attributes = {
				LastSwiftUpdateCheck = 0700;
				LastUpgradeCheck = 0640;
				ORGANIZATIONNAME = "Marcus Thorstrom";
				TargetAttributes = {
					33DE6A8B1B05E7A000D3EE47 = {
						CreatedOnToolsVersion = 6.3.2;
						DevelopmentTeam = 2MHR3H5ZHQ;
					};
					33DE6AA01B05E7A000D3EE47 = {
						CreatedOnToolsVersion = 6.3.2;
						TestTargetID = 33DE6A8B1B05E7A000D3EE47;
					};
				};
			};
			buildConfigurationList = 33DE6A871B05E7A000D3EE47 /* Build configuration list for PBXProject "Velocity" */;
			compatibilityVersion = "Xcode 3.2";
			developmentRegion = English;
			hasScannedForEncodings = 0;
			knownRegions = (
				en,
				Base,
				sv,
			);
			mainGroup = 33DE6A831B05E79F00D3EE47;
			productRefGroup = 33DE6A8D1B05E7A000D3EE47 /* Products */;
			projectDirPath = "";
			projectRoot = "";
			targets = (
				33DE6A8B1B05E7A000D3EE47 /* Velocity */,
				33DE6AA01B05E7A000D3EE47 /* VelocityTests */,
			);
		};
/* End PBXProject section */

/* Begin PBXResourcesBuildPhase section */
		33DE6A8A1B05E7A000D3EE47 /* Resources */ = {
			isa = PBXResourcesBuildPhase;
			buildActionMask = 2147483647;
			files = (
				33DE6A971B05E7A000D3EE47 /* Main.storyboard in Resources */,
				33FC0BE41B151E9600E193CA /* Localizable.strings in Resources */,
				33DE6A9C1B05E7A000D3EE47 /* LaunchScreen.xib in Resources */,
				33FC0BD61B1510C300E193CA /* gps.gpx in Resources */,
				33DE6A991B05E7A000D3EE47 /* Images.xcassets in Resources */,
				33FC0BD81B1513E000E193CA /* 20150526T204919Z.gpx in Resources */,
			);
			runOnlyForDeploymentPostprocessing = 0;
		};
		33DE6A9F1B05E7A000D3EE47 /* Resources */ = {
			isa = PBXResourcesBuildPhase;
			buildActionMask = 2147483647;
			files = (
			);
			runOnlyForDeploymentPostprocessing = 0;
		};
/* End PBXResourcesBuildPhase section */

/* Begin PBXSourcesBuildPhase section */
		33DE6A881B05E7A000D3EE47 /* Sources */ = {
			isa = PBXSourcesBuildPhase;
			buildActionMask = 2147483647;
			files = (
				33DE6A941B05E7A000D3EE47 /* ViewController.swift in Sources */,
				33DE6A921B05E7A000D3EE47 /* AppDelegate.swift in Sources */,
			);
			runOnlyForDeploymentPostprocessing = 0;
		};
		33DE6A9D1B05E7A000D3EE47 /* Sources */ = {
			isa = PBXSourcesBuildPhase;
			buildActionMask = 2147483647;
			files = (
				33DE6AA81B05E7A000D3EE47 /* VelocityTests.swift in Sources */,
			);
			runOnlyForDeploymentPostprocessing = 0;
		};
/* End PBXSourcesBuildPhase section */

/* Begin PBXTargetDependency section */
		33DE6AA31B05E7A000D3EE47 /* PBXTargetDependency */ = {
			isa = PBXTargetDependency;
			target = 33DE6A8B1B05E7A000D3EE47 /* Velocity */;
			targetProxy = 33DE6AA21B05E7A000D3EE47 /* PBXContainerItemProxy */;
		};
/* End PBXTargetDependency section */

/* Begin PBXVariantGroup section */
		33DE6A951B05E7A000D3EE47 /* Main.storyboard */ = {
			isa = PBXVariantGroup;
			children = (
				33DE6A961B05E7A000D3EE47 /* Base */,
				334A026A1B15267F0032A222 /* sv */,
			);
			name = Main.storyboard;
			sourceTree = "<group>";
		};
		33DE6A9A1B05E7A000D3EE47 /* LaunchScreen.xib */ = {
			isa = PBXVariantGroup;
			children = (
				33DE6A9B1B05E7A000D3EE47 /* Base */,
				334A026B1B15267F0032A222 /* sv */,
			);
			name = LaunchScreen.xib;
			sourceTree = "<group>";
		};
		33FC0BDA1B151BA800E193CA /* Info.plist */ = {
			isa = PBXVariantGroup;
			children = (
				33FC0BD91B151BA800E193CA /* Base */,
				33FC0BDB1B151BB100E193CA /* en */,
				334A026C1B15267F0032A222 /* sv */,
			);
			name = Info.plist;
			sourceTree = "<group>";
		};
		33FC0BE61B151E9600E193CA /* Localizable.strings */ = {
			isa = PBXVariantGroup;
			children = (
				33FC0BE51B151E9600E193CA /* en */,
				33FC0BE71B151E9800E193CA /* Base */,
				334A026D1B15267F0032A222 /* sv */,
			);
			name = Localizable.strings;
			sourceTree = "<group>";
		};
/* End PBXVariantGroup section */

/* Begin XCBuildConfiguration section */
		33DE6AA91B05E7A000D3EE47 /* Debug */ = {
			isa = XCBuildConfiguration;
			buildSettings = {
				ALWAYS_SEARCH_USER_PATHS = NO;
				CLANG_CXX_LANGUAGE_STANDARD = "gnu++0x";
				CLANG_CXX_LIBRARY = "libc++";
				CLANG_ENABLE_MODULES = YES;
				CLANG_ENABLE_OBJC_ARC = YES;
				CLANG_WARN_BOOL_CONVERSION = YES;
				CLANG_WARN_CONSTANT_CONVERSION = YES;
				CLANG_WARN_DIRECT_OBJC_ISA_USAGE = YES_ERROR;
				CLANG_WARN_EMPTY_BODY = YES;
				CLANG_WARN_ENUM_CONVERSION = YES;
				CLANG_WARN_INT_CONVERSION = YES;
				CLANG_WARN_OBJC_ROOT_CLASS = YES_ERROR;
				CLANG_WARN_UNREACHABLE_CODE = YES;
				CLANG_WARN__DUPLICATE_METHOD_MATCH = YES;
				"CODE_SIGN_IDENTITY[sdk=iphoneos*]" = "iPhone Developer";
				COPY_PHASE_STRIP = NO;
				DEBUG_INFORMATION_FORMAT = "dwarf-with-dsym";
				ENABLE_STRICT_OBJC_MSGSEND = YES;
				GCC_C_LANGUAGE_STANDARD = gnu99;
				GCC_DYNAMIC_NO_PIC = NO;
				GCC_NO_COMMON_BLOCKS = YES;
				GCC_OPTIMIZATION_LEVEL = 0;
				GCC_PREPROCESSOR_DEFINITIONS = (
					"DEBUG=1",
					"$(inherited)",
				);
				GCC_SYMBOLS_PRIVATE_EXTERN = NO;
				GCC_WARN_64_TO_32_BIT_CONVERSION = YES;
				GCC_WARN_ABOUT_RETURN_TYPE = YES_ERROR;
				GCC_WARN_UNDECLARED_SELECTOR = YES;
				GCC_WARN_UNINITIALIZED_AUTOS = YES_AGGRESSIVE;
				GCC_WARN_UNUSED_FUNCTION = YES;
				GCC_WARN_UNUSED_VARIABLE = YES;
				IPHONEOS_DEPLOYMENT_TARGET = 8.0;
				MTL_ENABLE_DEBUG_INFO = YES;
				ONLY_ACTIVE_ARCH = YES;
				SDKROOT = iphoneos;
				SWIFT_OPTIMIZATION_LEVEL = "-Onone";
				TARGETED_DEVICE_FAMILY = "1,2";
			};
			name = Debug;
		};
		33DE6AAA1B05E7A000D3EE47 /* Release */ = {
			isa = XCBuildConfiguration;
			buildSettings = {
				ALWAYS_SEARCH_USER_PATHS = NO;
				CLANG_CXX_LANGUAGE_STANDARD = "gnu++0x";
				CLANG_CXX_LIBRARY = "libc++";
				CLANG_ENABLE_MODULES = YES;
				CLANG_ENABLE_OBJC_ARC = YES;
				CLANG_WARN_BOOL_CONVERSION = YES;
				CLANG_WARN_CONSTANT_CONVERSION = YES;
				CLANG_WARN_DIRECT_OBJC_ISA_USAGE = YES_ERROR;
				CLANG_WARN_EMPTY_BODY = YES;
				CLANG_WARN_ENUM_CONVERSION = YES;
				CLANG_WARN_INT_CONVERSION = YES;
				CLANG_WARN_OBJC_ROOT_CLASS = YES_ERROR;
				CLANG_WARN_UNREACHABLE_CODE = YES;
				CLANG_WARN__DUPLICATE_METHOD_MATCH = YES;
				"CODE_SIGN_IDENTITY[sdk=iphoneos*]" = "iPhone Developer";
				COPY_PHASE_STRIP = NO;
				DEBUG_INFORMATION_FORMAT = "dwarf-with-dsym";
				ENABLE_NS_ASSERTIONS = NO;
				ENABLE_STRICT_OBJC_MSGSEND = YES;
				GCC_C_LANGUAGE_STANDARD = gnu99;
				GCC_NO_COMMON_BLOCKS = YES;
				GCC_WARN_64_TO_32_BIT_CONVERSION = YES;
				GCC_WARN_ABOUT_RETURN_TYPE = YES_ERROR;
				GCC_WARN_UNDECLARED_SELECTOR = YES;
				GCC_WARN_UNINITIALIZED_AUTOS = YES_AGGRESSIVE;
				GCC_WARN_UNUSED_FUNCTION = YES;
				GCC_WARN_UNUSED_VARIABLE = YES;
				IPHONEOS_DEPLOYMENT_TARGET = 8.0;
				MTL_ENABLE_DEBUG_INFO = NO;
				SDKROOT = iphoneos;
				TARGETED_DEVICE_FAMILY = "1,2";
				VALIDATE_PRODUCT = YES;
			};
			name = Release;
		};
		33DE6AAC1B05E7A000D3EE47 /* Debug */ = {
			isa = XCBuildConfiguration;
			buildSettings = {
				ASSETCATALOG_COMPILER_APPICON_NAME = AppIcon;
				CODE_SIGN_IDENTITY = "iPhone Developer";
				"CODE_SIGN_IDENTITY[sdk=iphoneos*]" = "iPhone Developer: Marcus Thorstrom (A523LBN6DZ)";
				INFOPLIST_FILE = Velocity/Base.lproj/Info.plist;
				IPHONEOS_DEPLOYMENT_TARGET = 8.0;
				LD_RUNPATH_SEARCH_PATHS = "$(inherited) @executable_path/Frameworks";
				ONLY_ACTIVE_ARCH = YES;
				PRODUCT_NAME = "$(TARGET_NAME)";
				PROVISIONING_PROFILE = "38a1f7c7-48dd-448e-801e-63e77bb39f09";
			};
			name = Debug;
		};
		33DE6AAD1B05E7A000D3EE47 /* Release */ = {
			isa = XCBuildConfiguration;
			buildSettings = {
				ASSETCATALOG_COMPILER_APPICON_NAME = AppIcon;
				CODE_SIGN_IDENTITY = "iPhone Developer";
				"CODE_SIGN_IDENTITY[sdk=iphoneos*]" = "iPhone Developer: Marcus Thorstrom (A523LBN6DZ)";
				INFOPLIST_FILE = Velocity/Base.lproj/Info.plist;
				IPHONEOS_DEPLOYMENT_TARGET = 8.0;
				LD_RUNPATH_SEARCH_PATHS = "$(inherited) @executable_path/Frameworks";
				ONLY_ACTIVE_ARCH = NO;
				PRODUCT_NAME = "$(TARGET_NAME)";
				PROVISIONING_PROFILE = "38a1f7c7-48dd-448e-801e-63e77bb39f09";
			};
			name = Release;
		};
		33DE6AAF1B05E7A000D3EE47 /* Debug */ = {
			isa = XCBuildConfiguration;
			buildSettings = {
				BUNDLE_LOADER = "$(TEST_HOST)";
				FRAMEWORK_SEARCH_PATHS = (
					"$(SDKROOT)/Developer/Library/Frameworks",
					"$(inherited)",
				);
				GCC_PREPROCESSOR_DEFINITIONS = (
					"DEBUG=1",
					"$(inherited)",
				);
				INFOPLIST_FILE = VelocityTests/Info.plist;
				LD_RUNPATH_SEARCH_PATHS = "$(inherited) @executable_path/Frameworks @loader_path/Frameworks";
				PRODUCT_NAME = "$(TARGET_NAME)";
				TEST_HOST = "$(BUILT_PRODUCTS_DIR)/Velocity.app/Velocity";
			};
			name = Debug;
		};
		33DE6AB01B05E7A000D3EE47 /* Release */ = {
			isa = XCBuildConfiguration;
			buildSettings = {
				BUNDLE_LOADER = "$(TEST_HOST)";
				FRAMEWORK_SEARCH_PATHS = (
					"$(SDKROOT)/Developer/Library/Frameworks",
					"$(inherited)",
				);
				INFOPLIST_FILE = VelocityTests/Info.plist;
				LD_RUNPATH_SEARCH_PATHS = "$(inherited) @executable_path/Frameworks @loader_path/Frameworks";
				PRODUCT_NAME = "$(TARGET_NAME)";
				TEST_HOST = "$(BUILT_PRODUCTS_DIR)/Velocity.app/Velocity";
			};
			name = Release;
		};
/* End XCBuildConfiguration section */

/* Begin XCConfigurationList section */
		33DE6A871B05E7A000D3EE47 /* Build configuration list for PBXProject "Velocity" */ = {
			isa = XCConfigurationList;
			buildConfigurations = (
				33DE6AA91B05E7A000D3EE47 /* Debug */,
				33DE6AAA1B05E7A000D3EE47 /* Release */,
			);
			defaultConfigurationIsVisible = 0;
			defaultConfigurationName = Release;
		};
		33DE6AAB1B05E7A000D3EE47 /* Build configuration list for PBXNativeTarget "Velocity" */ = {
			isa = XCConfigurationList;
			buildConfigurations = (
				33DE6AAC1B05E7A000D3EE47 /* Debug */,
				33DE6AAD1B05E7A000D3EE47 /* Release */,
			);
			defaultConfigurationIsVisible = 0;
			defaultConfigurationName = Release;
		};
		33DE6AAE1B05E7A000D3EE47 /* Build configuration list for PBXNativeTarget "VelocityTests" */ = {
			isa = XCConfigurationList;
			buildConfigurations = (
				33DE6AAF1B05E7A000D3EE47 /* Debug */,
				33DE6AB01B05E7A000D3EE47 /* Release */,
			);
			defaultConfigurationIsVisible = 0;
			defaultConfigurationName = Release;
		};
/* End XCConfigurationList section */
	};
	rootObject = 33DE6A841B05E79F00D3EE47 /* Project object */;
}
